
Microsoft Visual Studio Solution File, Format Version 12.00
# Visual Studio Version 16
VisualStudioVersion = 16.0.33027.164
MinimumVisualStudioVersion = 10.0.40219.1
Project("{FAE04EC0-301F-11D3-BF4B-00C04F79EFBC}") = "EmployeeCRUD", "EmployeeCRUD.csproj", "{A8701137-4D03-4CB8-A33E-1B4C057BBE3B}"
EndProject
Global
	GlobalSection(SolutionConfigurationPlatforms) = preSolution
		Debug|Any CPU = Debug|Any CPU
		Release|Any CPU = Release|Any CPU
	EndGlobalSection
	GlobalSection(ProjectConfigurationPlatforms) = postSolution
		{A8701137-4D03-4CB8-A33E-1B4C057BBE3B}.Debug|Any CPU.ActiveCfg = Debug|Any CPU
		{A8701137-4D03-4CB8-A33E-1B4C057BBE3B}.Debug|Any CPU.Build.0 = Debug|Any CPU
		{A8701137-4D03-4CB8-A33E-1B4C057BBE3B}.Release|Any CPU.ActiveCfg = Release|Any CPU
		{A8701137-4D03-4CB8-A33E-1B4C057BBE3B}.Release|Any CPU.Build.0 = Release|Any CPU
	EndGlobalSection
	GlobalSection(SolutionProperties) = preSolution
		HideSolutionNode = FALSE
	EndGlobalSection
	GlobalSection(ExtensibilityGlobals) = postSolution
		SolutionGuid = {C76896E7-B129-493E-90A3-E16ADF84EF1C}
	EndGlobalSection
EndGlobal
